// !$*UTF8*$!
{
	archiveVersion = 1;
	classes = {
	};
	objectVersion = 51;
	objects = {

/* Begin PBXBuildFile section */
		49B92464246564350074CB7E /* TrackArtworkAlamofireService.swift in Sources */ = {isa = PBXBuildFile; fileRef = 49B92463246564350074CB7E /* TrackArtworkAlamofireService.swift */; };
		49B92470246581AC0074CB7E /* LastVisit.swift in Sources */ = {isa = PBXBuildFile; fileRef = 49B9246F246581AC0074CB7E /* LastVisit.swift */; };
		49B924722465820F0074CB7E /* LastVisitLocalLoader.swift in Sources */ = {isa = PBXBuildFile; fileRef = 49B924712465820F0074CB7E /* LastVisitLocalLoader.swift */; };
		49B92474246591360074CB7E /* LastVisitLocalSaver.swift in Sources */ = {isa = PBXBuildFile; fileRef = 49B92473246591360074CB7E /* LastVisitLocalSaver.swift */; };
		49B924762465CF660074CB7E /* TrackDetailsViewModel.swift in Sources */ = {isa = PBXBuildFile; fileRef = 49B924752465CF660074CB7E /* TrackDetailsViewModel.swift */; };
		49B924792465D12B0074CB7E /* TrackDetailsLocalLoader.swift in Sources */ = {isa = PBXBuildFile; fileRef = 49B924782465D12B0074CB7E /* TrackDetailsLocalLoader.swift */; };
		49BBA06F247062A6005C44A9 /* TrackDetailsLoader.swift in Sources */ = {isa = PBXBuildFile; fileRef = 49BBA06E247062A6005C44A9 /* TrackDetailsLoader.swift */; };
		49BBA07224706327005C44A9 /* TrackDetailsRemoteLoader.swift in Sources */ = {isa = PBXBuildFile; fileRef = 49BBA07124706327005C44A9 /* TrackDetailsRemoteLoader.swift */; };
		49F6C0D82462E2DB00A5C81C /* AppDelegate.swift in Sources */ = {isa = PBXBuildFile; fileRef = 49F6C0D72462E2DB00A5C81C /* AppDelegate.swift */; };
		49F6C0DA2462E2DB00A5C81C /* SceneDelegate.swift in Sources */ = {isa = PBXBuildFile; fileRef = 49F6C0D92462E2DB00A5C81C /* SceneDelegate.swift */; };
		49F6C0F82462E51A00A5C81C /* Assets.xcassets in Resources */ = {isa = PBXBuildFile; fileRef = 49F6C0EF2462E51900A5C81C /* Assets.xcassets */; };
		49F6C0F92462E51A00A5C81C /* LaunchScreen.storyboard in Resources */ = {isa = PBXBuildFile; fileRef = 49F6C0F02462E51900A5C81C /* LaunchScreen.storyboard */; };
		49F6C0FA2462E51A00A5C81C /* Main.storyboard in Resources */ = {isa = PBXBuildFile; fileRef = 49F6C0F22462E51900A5C81C /* Main.storyboard */; };
		49F6C0FB2462E51A00A5C81C /* AppetiserCodingExam.xcdatamodeld in Sources */ = {isa = PBXBuildFile; fileRef = 49F6C0F42462E51A00A5C81C /* AppetiserCodingExam.xcdatamodeld */; };
		49F6C0FE2462E71700A5C81C /* APIManager.swift in Sources */ = {isa = PBXBuildFile; fileRef = 49F6C0FD2462E71700A5C81C /* APIManager.swift */; };
		49F6C100246303CB00A5C81C /* Request.swift in Sources */ = {isa = PBXBuildFile; fileRef = 49F6C0FF246303CB00A5C81C /* Request.swift */; };
		49F6C10324631E0000A5C81C /* Error+Extension.swift in Sources */ = {isa = PBXBuildFile; fileRef = 49F6C10224631E0000A5C81C /* Error+Extension.swift */; };
		49F6C10524631E4400A5C81C /* APIResponseData.swift in Sources */ = {isa = PBXBuildFile; fileRef = 49F6C10424631E4400A5C81C /* APIResponseData.swift */; };
		49F6C10724631E9F00A5C81C /* JSONDecodable.swift in Sources */ = {isa = PBXBuildFile; fileRef = 49F6C10624631E9F00A5C81C /* JSONDecodable.swift */; };
		49F6C109246326A400A5C81C /* CoreDataManager.swift in Sources */ = {isa = PBXBuildFile; fileRef = 49F6C108246326A400A5C81C /* CoreDataManager.swift */; };
		49F6C10D2463F7C400A5C81C /* TrackListLoader.swift in Sources */ = {isa = PBXBuildFile; fileRef = 49F6C10C2463F7C400A5C81C /* TrackListLoader.swift */; };
		49F6C10F2463F7F500A5C81C /* Track.swift in Sources */ = {isa = PBXBuildFile; fileRef = 49F6C10E2463F7F500A5C81C /* Track.swift */; };
		49F6C1132463F92A00A5C81C /* TrackListLocalLoader.swift in Sources */ = {isa = PBXBuildFile; fileRef = 49F6C1122463F92A00A5C81C /* TrackListLocalLoader.swift */; };
		49F6C1152463FEFC00A5C81C /* TrackListLocalSaver.swift in Sources */ = {isa = PBXBuildFile; fileRef = 49F6C1142463FEFC00A5C81C /* TrackListLocalSaver.swift */; };
		49F6C1172463FFA600A5C81C /* TrackListLocalDeleter.swift in Sources */ = {isa = PBXBuildFile; fileRef = 49F6C1162463FFA600A5C81C /* TrackListLocalDeleter.swift */; };
		49F6C1192463FFF900A5C81C /* TrackListAlamofireService.swift in Sources */ = {isa = PBXBuildFile; fileRef = 49F6C1182463FFF900A5C81C /* TrackListAlamofireService.swift */; };
		49F6C11B2464011000A5C81C /* TrackListRemoteLoader.swift in Sources */ = {isa = PBXBuildFile; fileRef = 49F6C11A2464011000A5C81C /* TrackListRemoteLoader.swift */; };
		49F6C11D246401EF00A5C81C /* TrackListParser.swift in Sources */ = {isa = PBXBuildFile; fileRef = 49F6C11C246401EF00A5C81C /* TrackListParser.swift */; };
		49F6C11F2464077600A5C81C /* TrackListTableViewController.swift in Sources */ = {isa = PBXBuildFile; fileRef = 49F6C11E2464077600A5C81C /* TrackListTableViewController.swift */; };
		49F6C1212464078500A5C81C /* TrackListViewModel.swift in Sources */ = {isa = PBXBuildFile; fileRef = 49F6C1202464078500A5C81C /* TrackListViewModel.swift */; };
		49F6C125246407B300A5C81C /* TrackListTableViewCell.swift in Sources */ = {isa = PBXBuildFile; fileRef = 49F6C123246407B300A5C81C /* TrackListTableViewCell.swift */; };
		49F6C126246407B300A5C81C /* TrackListTableViewCell.xib in Resources */ = {isa = PBXBuildFile; fileRef = 49F6C124246407B300A5C81C /* TrackListTableViewCell.xib */; };
		49F6C1292464121400A5C81C /* TrackDetailsViewController.swift in Sources */ = {isa = PBXBuildFile; fileRef = 49F6C1282464121400A5C81C /* TrackDetailsViewController.swift */; };
		49F6C12C2464160600A5C81C /* Global.swift in Sources */ = {isa = PBXBuildFile; fileRef = 49F6C12B2464160600A5C81C /* Global.swift */; };
		A66E56FDE3D0BF625881A688 /* Pods_AppetiserCodingExam.framework in Frameworks */ = {isa = PBXBuildFile; fileRef = FB61E2E0C0449104B71E115F /* Pods_AppetiserCodingExam.framework */; };
/* End PBXBuildFile section */

/* Begin PBXFileReference section */
		49B92463246564350074CB7E /* TrackArtworkAlamofireService.swift */ = {isa = PBXFileReference; lastKnownFileType = sourcecode.swift; path = TrackArtworkAlamofireService.swift; sourceTree = "<group>"; };
		49B9246F246581AC0074CB7E /* LastVisit.swift */ = {isa = PBXFileReference; lastKnownFileType = sourcecode.swift; path = LastVisit.swift; sourceTree = "<group>"; };
		49B924712465820F0074CB7E /* LastVisitLocalLoader.swift */ = {isa = PBXFileReference; lastKnownFileType = sourcecode.swift; path = LastVisitLocalLoader.swift; sourceTree = "<group>"; };
		49B92473246591360074CB7E /* LastVisitLocalSaver.swift */ = {isa = PBXFileReference; lastKnownFileType = sourcecode.swift; path = LastVisitLocalSaver.swift; sourceTree = "<group>"; };
		49B924752465CF660074CB7E /* TrackDetailsViewModel.swift */ = {isa = PBXFileReference; lastKnownFileType = sourcecode.swift; path = TrackDetailsViewModel.swift; sourceTree = "<group>"; };
		49B924782465D12B0074CB7E /* TrackDetailsLocalLoader.swift */ = {isa = PBXFileReference; lastKnownFileType = sourcecode.swift; path = TrackDetailsLocalLoader.swift; sourceTree = "<group>"; };
		49BBA06E247062A6005C44A9 /* TrackDetailsLoader.swift */ = {isa = PBXFileReference; lastKnownFileType = sourcecode.swift; path = TrackDetailsLoader.swift; sourceTree = "<group>"; };
		49BBA07124706327005C44A9 /* TrackDetailsRemoteLoader.swift */ = {isa = PBXFileReference; lastKnownFileType = sourcecode.swift; path = TrackDetailsRemoteLoader.swift; sourceTree = "<group>"; };
		49F6C0D42462E2DB00A5C81C /* AppetiserCodingExam.app */ = {isa = PBXFileReference; explicitFileType = wrapper.application; includeInIndex = 0; path = AppetiserCodingExam.app; sourceTree = BUILT_PRODUCTS_DIR; };
		49F6C0D72462E2DB00A5C81C /* AppDelegate.swift */ = {isa = PBXFileReference; lastKnownFileType = sourcecode.swift; path = AppDelegate.swift; sourceTree = "<group>"; };
		49F6C0D92462E2DB00A5C81C /* SceneDelegate.swift */ = {isa = PBXFileReference; lastKnownFileType = sourcecode.swift; path = SceneDelegate.swift; sourceTree = "<group>"; };
		49F6C0E82462E2E100A5C81C /* Info.plist */ = {isa = PBXFileReference; lastKnownFileType = text.plist.xml; path = Info.plist; sourceTree = "<group>"; };
		49F6C0EF2462E51900A5C81C /* Assets.xcassets */ = {isa = PBXFileReference; lastKnownFileType = folder.assetcatalog; path = Assets.xcassets; sourceTree = "<group>"; };
		49F6C0F12462E51900A5C81C /* Base */ = {isa = PBXFileReference; lastKnownFileType = file.storyboard; name = Base; path = Base.lproj/LaunchScreen.storyboard; sourceTree = "<group>"; };
		49F6C0F32462E51A00A5C81C /* Base */ = {isa = PBXFileReference; lastKnownFileType = file.storyboard; name = Base; path = Base.lproj/Main.storyboard; sourceTree = "<group>"; };
		49F6C0F52462E51A00A5C81C /* AppetiserCodingExam.xcdatamodel */ = {isa = PBXFileReference; lastKnownFileType = wrapper.xcdatamodel; path = AppetiserCodingExam.xcdatamodel; sourceTree = "<group>"; };
		49F6C0FD2462E71700A5C81C /* APIManager.swift */ = {isa = PBXFileReference; lastKnownFileType = sourcecode.swift; path = APIManager.swift; sourceTree = "<group>"; };
		49F6C0FF246303CB00A5C81C /* Request.swift */ = {isa = PBXFileReference; lastKnownFileType = sourcecode.swift; path = Request.swift; sourceTree = "<group>"; };
		49F6C10224631E0000A5C81C /* Error+Extension.swift */ = {isa = PBXFileReference; lastKnownFileType = sourcecode.swift; path = "Error+Extension.swift"; sourceTree = "<group>"; };
		49F6C10424631E4400A5C81C /* APIResponseData.swift */ = {isa = PBXFileReference; lastKnownFileType = sourcecode.swift; path = APIResponseData.swift; sourceTree = "<group>"; };
		49F6C10624631E9F00A5C81C /* JSONDecodable.swift */ = {isa = PBXFileReference; lastKnownFileType = sourcecode.swift; path = JSONDecodable.swift; sourceTree = "<group>"; };
		49F6C108246326A400A5C81C /* CoreDataManager.swift */ = {isa = PBXFileReference; lastKnownFileType = sourcecode.swift; name = CoreDataManager.swift; path = AppetiserCodingExam/Utils/CoreDataManager.swift; sourceTree = SOURCE_ROOT; };
		49F6C10C2463F7C400A5C81C /* TrackListLoader.swift */ = {isa = PBXFileReference; lastKnownFileType = sourcecode.swift; path = TrackListLoader.swift; sourceTree = "<group>"; };
		49F6C10E2463F7F500A5C81C /* Track.swift */ = {isa = PBXFileReference; lastKnownFileType = sourcecode.swift; path = Track.swift; sourceTree = "<group>"; };
		49F6C1122463F92A00A5C81C /* TrackListLocalLoader.swift */ = {isa = PBXFileReference; lastKnownFileType = sourcecode.swift; path = TrackListLocalLoader.swift; sourceTree = "<group>"; };
		49F6C1142463FEFC00A5C81C /* TrackListLocalSaver.swift */ = {isa = PBXFileReference; lastKnownFileType = sourcecode.swift; path = TrackListLocalSaver.swift; sourceTree = "<group>"; };
		49F6C1162463FFA600A5C81C /* TrackListLocalDeleter.swift */ = {isa = PBXFileReference; lastKnownFileType = sourcecode.swift; path = TrackListLocalDeleter.swift; sourceTree = "<group>"; };
		49F6C1182463FFF900A5C81C /* TrackListAlamofireService.swift */ = {isa = PBXFileReference; lastKnownFileType = sourcecode.swift; path = TrackListAlamofireService.swift; sourceTree = "<group>"; };
		49F6C11A2464011000A5C81C /* TrackListRemoteLoader.swift */ = {isa = PBXFileReference; lastKnownFileType = sourcecode.swift; path = TrackListRemoteLoader.swift; sourceTree = "<group>"; };
		49F6C11C246401EF00A5C81C /* TrackListParser.swift */ = {isa = PBXFileReference; lastKnownFileType = sourcecode.swift; path = TrackListParser.swift; sourceTree = "<group>"; };
		49F6C11E2464077600A5C81C /* TrackListTableViewController.swift */ = {isa = PBXFileReference; lastKnownFileType = sourcecode.swift; path = TrackListTableViewController.swift; sourceTree = "<group>"; };
		49F6C1202464078500A5C81C /* TrackListViewModel.swift */ = {isa = PBXFileReference; lastKnownFileType = sourcecode.swift; path = TrackListViewModel.swift; sourceTree = "<group>"; };
		49F6C123246407B300A5C81C /* TrackListTableViewCell.swift */ = {isa = PBXFileReference; lastKnownFileType = sourcecode.swift; path = TrackListTableViewCell.swift; sourceTree = "<group>"; };
		49F6C124246407B300A5C81C /* TrackListTableViewCell.xib */ = {isa = PBXFileReference; lastKnownFileType = file.xib; path = TrackListTableViewCell.xib; sourceTree = "<group>"; };
		49F6C1282464121400A5C81C /* TrackDetailsViewController.swift */ = {isa = PBXFileReference; lastKnownFileType = sourcecode.swift; path = TrackDetailsViewController.swift; sourceTree = "<group>"; };
		49F6C12B2464160600A5C81C /* Global.swift */ = {isa = PBXFileReference; lastKnownFileType = sourcecode.swift; path = Global.swift; sourceTree = "<group>"; };
		9C9261EE382AE78C4F0BE4C3 /* Pods-AppetiserCodingExam.release.xcconfig */ = {isa = PBXFileReference; includeInIndex = 1; lastKnownFileType = text.xcconfig; name = "Pods-AppetiserCodingExam.release.xcconfig"; path = "Target Support Files/Pods-AppetiserCodingExam/Pods-AppetiserCodingExam.release.xcconfig"; sourceTree = "<group>"; };
		B9954D92FD9CC6C60DFD920C /* Pods-AppetiserCodingExam.debug.xcconfig */ = {isa = PBXFileReference; includeInIndex = 1; lastKnownFileType = text.xcconfig; name = "Pods-AppetiserCodingExam.debug.xcconfig"; path = "Target Support Files/Pods-AppetiserCodingExam/Pods-AppetiserCodingExam.debug.xcconfig"; sourceTree = "<group>"; };
		FB61E2E0C0449104B71E115F /* Pods_AppetiserCodingExam.framework */ = {isa = PBXFileReference; explicitFileType = wrapper.framework; includeInIndex = 0; path = Pods_AppetiserCodingExam.framework; sourceTree = BUILT_PRODUCTS_DIR; };
/* End PBXFileReference section */

/* Begin PBXFrameworksBuildPhase section */
		49F6C0D12462E2DB00A5C81C /* Frameworks */ = {
			isa = PBXFrameworksBuildPhase;
			buildActionMask = 2147483647;
			files = (
				A66E56FDE3D0BF625881A688 /* Pods_AppetiserCodingExam.framework in Frameworks */,
			);
			runOnlyForDeploymentPostprocessing = 0;
		};
/* End PBXFrameworksBuildPhase section */

/* Begin PBXGroup section */
		297795B131BD765F18D4C680 /* Frameworks */ = {
			isa = PBXGroup;
			children = (
				FB61E2E0C0449104B71E115F /* Pods_AppetiserCodingExam.framework */,
			);
			name = Frameworks;
			sourceTree = "<group>";
		};
		49B9246B2465813A0074CB7E /* Global */ = {
			isa = PBXGroup;
			children = (
				49F6C12B2464160600A5C81C /* Global.swift */,
				49BBA070247062B2005C44A9 /* Model */,
				49B9246C246581890074CB7E /* Feature */,
			);
			path = Global;
			sourceTree = "<group>";
		};
		49B9246C246581890074CB7E /* Feature */ = {
			isa = PBXGroup;
			children = (
				49B9246E2465819C0074CB7E /* Local */,
				49B9246D246581910074CB7E /* Remote */,
			);
			path = Feature;
			sourceTree = "<group>";
		};
		49B9246D246581910074CB7E /* Remote */ = {
			isa = PBXGroup;
			children = (
				49B92463246564350074CB7E /* TrackArtworkAlamofireService.swift */,
			);
			path = Remote;
			sourceTree = "<group>";
		};
		49B9246E2465819C0074CB7E /* Local */ = {
			isa = PBXGroup;
			children = (
				49B9246F246581AC0074CB7E /* LastVisit.swift */,
				49B924712465820F0074CB7E /* LastVisitLocalLoader.swift */,
				49B92473246591360074CB7E /* LastVisitLocalSaver.swift */,
			);
			path = Local;
			sourceTree = "<group>";
		};
		49B924772465D10C0074CB7E /* Feature */ = {
			isa = PBXGroup;
			children = (
				49BBA06E247062A6005C44A9 /* TrackDetailsLoader.swift */,
				49BBA06C24706282005C44A9 /* Local */,
				49BBA06D2470628F005C44A9 /* Remote */,
			);
			path = Feature;
			sourceTree = "<group>";
		};
		49BBA06C24706282005C44A9 /* Local */ = {
			isa = PBXGroup;
			children = (
				49B924782465D12B0074CB7E /* TrackDetailsLocalLoader.swift */,
			);
			path = Local;
			sourceTree = "<group>";
		};
		49BBA06D2470628F005C44A9 /* Remote */ = {
			isa = PBXGroup;
			children = (
				49BBA07124706327005C44A9 /* TrackDetailsRemoteLoader.swift */,
			);
			path = Remote;
			sourceTree = "<group>";
		};
		49BBA070247062B2005C44A9 /* Model */ = {
			isa = PBXGroup;
			children = (
				49F6C10E2463F7F500A5C81C /* Track.swift */,
			);
			path = Model;
			sourceTree = "<group>";
		};
		49F6C0CB2462E2DB00A5C81C = {
			isa = PBXGroup;
			children = (
				49F6C0D62462E2DB00A5C81C /* AppetiserCodingExam */,
				49F6C0D52462E2DB00A5C81C /* Products */,
				72B846A8EC8A1460BB57CD9B /* Pods */,
				297795B131BD765F18D4C680 /* Frameworks */,
			);
			sourceTree = "<group>";
		};
		49F6C0D52462E2DB00A5C81C /* Products */ = {
			isa = PBXGroup;
			children = (
				49F6C0D42462E2DB00A5C81C /* AppetiserCodingExam.app */,
			);
			name = Products;
			sourceTree = "<group>";
		};
		49F6C0D62462E2DB00A5C81C /* AppetiserCodingExam */ = {
			isa = PBXGroup;
			children = (
				49F6C0D72462E2DB00A5C81C /* AppDelegate.swift */,
				49F6C0D92462E2DB00A5C81C /* SceneDelegate.swift */,
				49F6C0E82462E2E100A5C81C /* Info.plist */,
				49B9246B2465813A0074CB7E /* Global */,
				49F6C0F62462E51A00A5C81C /* Track List */,
				49F6C0F72462E51A00A5C81C /* Track Details */,
				49F6C0FC2462E62200A5C81C /* Utils */,
				49F6C0EE2462E51900A5C81C /* Resources */,
			);
			path = AppetiserCodingExam;
			sourceTree = "<group>";
		};
		49F6C0EE2462E51900A5C81C /* Resources */ = {
			isa = PBXGroup;
			children = (
				49F6C0F42462E51A00A5C81C /* AppetiserCodingExam.xcdatamodeld */,
				49F6C0EF2462E51900A5C81C /* Assets.xcassets */,
				49F6C12A2464128500A5C81C /* Storyboards */,
			);
			path = Resources;
			sourceTree = "<group>";
		};
		49F6C0F62462E51A00A5C81C /* Track List */ = {
			isa = PBXGroup;
			children = (
				49F6C10B2463F6A800A5C81C /* View */,
				49F6C10A2463F6A000A5C81C /* Feature */,
			);
			path = "Track List";
			sourceTree = "<group>";
		};
		49F6C0F72462E51A00A5C81C /* Track Details */ = {
			isa = PBXGroup;
			children = (
				49F6C127246411F900A5C81C /* View */,
				49B924772465D10C0074CB7E /* Feature */,
			);
			path = "Track Details";
			sourceTree = "<group>";
		};
		49F6C0FC2462E62200A5C81C /* Utils */ = {
			isa = PBXGroup;
			children = (
				49F6C10124631DE900A5C81C /* Extensions */,
				49F6C0FD2462E71700A5C81C /* APIManager.swift */,
				49F6C108246326A400A5C81C /* CoreDataManager.swift */,
				49F6C0FF246303CB00A5C81C /* Request.swift */,
				49F6C10424631E4400A5C81C /* APIResponseData.swift */,
			);
			path = Utils;
			sourceTree = "<group>";
		};
		49F6C10124631DE900A5C81C /* Extensions */ = {
			isa = PBXGroup;
			children = (
				49F6C10224631E0000A5C81C /* Error+Extension.swift */,
				49F6C10624631E9F00A5C81C /* JSONDecodable.swift */,
			);
			path = Extensions;
			sourceTree = "<group>";
		};
		49F6C10A2463F6A000A5C81C /* Feature */ = {
			isa = PBXGroup;
			children = (
				49F6C10C2463F7C400A5C81C /* TrackListLoader.swift */,
				49F6C1102463F90C00A5C81C /* Local */,
				49F6C1112463F91200A5C81C /* Remote */,
			);
			path = Feature;
			sourceTree = "<group>";
		};
		49F6C10B2463F6A800A5C81C /* View */ = {
			isa = PBXGroup;
			children = (
				49F6C1202464078500A5C81C /* TrackListViewModel.swift */,
				49F6C11E2464077600A5C81C /* TrackListTableViewController.swift */,
				49F6C1222464079400A5C81C /* Cells */,
			);
			path = View;
			sourceTree = "<group>";
		};
		49F6C1102463F90C00A5C81C /* Local */ = {
			isa = PBXGroup;
			children = (
				49F6C1122463F92A00A5C81C /* TrackListLocalLoader.swift */,
				49F6C1142463FEFC00A5C81C /* TrackListLocalSaver.swift */,
				49F6C1162463FFA600A5C81C /* TrackListLocalDeleter.swift */,
			);
			path = Local;
			sourceTree = "<group>";
		};
		49F6C1112463F91200A5C81C /* Remote */ = {
			isa = PBXGroup;
			children = (
				49F6C11A2464011000A5C81C /* TrackListRemoteLoader.swift */,
				49F6C1182463FFF900A5C81C /* TrackListAlamofireService.swift */,
				49F6C11C246401EF00A5C81C /* TrackListParser.swift */,
			);
			path = Remote;
			sourceTree = "<group>";
		};
		49F6C1222464079400A5C81C /* Cells */ = {
			isa = PBXGroup;
			children = (
				49F6C123246407B300A5C81C /* TrackListTableViewCell.swift */,
				49F6C124246407B300A5C81C /* TrackListTableViewCell.xib */,
			);
			path = Cells;
			sourceTree = "<group>";
		};
		49F6C127246411F900A5C81C /* View */ = {
			isa = PBXGroup;
			children = (
				49B924752465CF660074CB7E /* TrackDetailsViewModel.swift */,
				49F6C1282464121400A5C81C /* TrackDetailsViewController.swift */,
			);
			path = View;
			sourceTree = "<group>";
		};
		49F6C12A2464128500A5C81C /* Storyboards */ = {
			isa = PBXGroup;
			children = (
				49F6C0F02462E51900A5C81C /* LaunchScreen.storyboard */,
				49F6C0F22462E51900A5C81C /* Main.storyboard */,
			);
			path = Storyboards;
			sourceTree = "<group>";
		};
		72B846A8EC8A1460BB57CD9B /* Pods */ = {
			isa = PBXGroup;
			children = (
				B9954D92FD9CC6C60DFD920C /* Pods-AppetiserCodingExam.debug.xcconfig */,
				9C9261EE382AE78C4F0BE4C3 /* Pods-AppetiserCodingExam.release.xcconfig */,
			);
			path = Pods;
			sourceTree = "<group>";
		};
/* End PBXGroup section */

/* Begin PBXNativeTarget section */
		49F6C0D32462E2DB00A5C81C /* AppetiserCodingExam */ = {
			isa = PBXNativeTarget;
			buildConfigurationList = 49F6C0EB2462E2E100A5C81C /* Build configuration list for PBXNativeTarget "AppetiserCodingExam" */;
			buildPhases = (
				B51A15834F0BF4F847E8E770 /* [CP] Check Pods Manifest.lock */,
				49F6C0D02462E2DB00A5C81C /* Sources */,
				49F6C0D12462E2DB00A5C81C /* Frameworks */,
				49F6C0D22462E2DB00A5C81C /* Resources */,
				C790940AB40123A021545E78 /* [CP] Embed Pods Frameworks */,
			);
			buildRules = (
			);
			dependencies = (
			);
			name = AppetiserCodingExam;
			productName = AppetiserCodingExam;
			productReference = 49F6C0D42462E2DB00A5C81C /* AppetiserCodingExam.app */;
			productType = "com.apple.product-type.application";
		};
/* End PBXNativeTarget section */

/* Begin PBXProject section */
		49F6C0CC2462E2DB00A5C81C /* Project object */ = {
			isa = PBXProject;
			attributes = {
				LastSwiftUpdateCheck = 1140;
				LastUpgradeCheck = 1140;
				TargetAttributes = {
					49F6C0D32462E2DB00A5C81C = {
						CreatedOnToolsVersion = 11.4.1;
					};
				};
			};
			buildConfigurationList = 49F6C0CF2462E2DB00A5C81C /* Build configuration list for PBXProject "AppetiserCodingExam" */;
			compatibilityVersion = "Xcode 9.3";
			developmentRegion = en;
			hasScannedForEncodings = 0;
			knownRegions = (
				en,
				Base,
			);
			mainGroup = 49F6C0CB2462E2DB00A5C81C;
			productRefGroup = 49F6C0D52462E2DB00A5C81C /* Products */;
			projectDirPath = "";
			projectRoot = "";
			targets = (
				49F6C0D32462E2DB00A5C81C /* AppetiserCodingExam */,
			);
		};
/* End PBXProject section */

/* Begin PBXResourcesBuildPhase section */
		49F6C0D22462E2DB00A5C81C /* Resources */ = {
			isa = PBXResourcesBuildPhase;
			buildActionMask = 2147483647;
			files = (
				49F6C0FA2462E51A00A5C81C /* Main.storyboard in Resources */,
				49F6C0F82462E51A00A5C81C /* Assets.xcassets in Resources */,
				49F6C0F92462E51A00A5C81C /* LaunchScreen.storyboard in Resources */,
				49F6C126246407B300A5C81C /* TrackListTableViewCell.xib in Resources */,
			);
			runOnlyForDeploymentPostprocessing = 0;
		};
/* End PBXResourcesBuildPhase section */

/* Begin PBXShellScriptBuildPhase section */
		B51A15834F0BF4F847E8E770 /* [CP] Check Pods Manifest.lock */ = {
			isa = PBXShellScriptBuildPhase;
			buildActionMask = 2147483647;
			files = (
			);
			inputFileListPaths = (
			);
			inputPaths = (
				"${PODS_PODFILE_DIR_PATH}/Podfile.lock",
				"${PODS_ROOT}/Manifest.lock",
			);
			name = "[CP] Check Pods Manifest.lock";
			outputFileListPaths = (
			);
			outputPaths = (
				"$(DERIVED_FILE_DIR)/Pods-AppetiserCodingExam-checkManifestLockResult.txt",
			);
			runOnlyForDeploymentPostprocessing = 0;
			shellPath = /bin/sh;
			shellScript = "diff \"${PODS_PODFILE_DIR_PATH}/Podfile.lock\" \"${PODS_ROOT}/Manifest.lock\" > /dev/null\nif [ $? != 0 ] ; then\n    # print error to STDERR\n    echo \"error: The sandbox is not in sync with the Podfile.lock. Run 'pod install' or update your CocoaPods installation.\" >&2\n    exit 1\nfi\n# This output is used by Xcode 'outputs' to avoid re-running this script phase.\necho \"SUCCESS\" > \"${SCRIPT_OUTPUT_FILE_0}\"\n";
			showEnvVarsInLog = 0;
		};
		C790940AB40123A021545E78 /* [CP] Embed Pods Frameworks */ = {
			isa = PBXShellScriptBuildPhase;
			buildActionMask = 2147483647;
			files = (
			);
			inputFileListPaths = (
				"${PODS_ROOT}/Target Support Files/Pods-AppetiserCodingExam/Pods-AppetiserCodingExam-frameworks-${CONFIGURATION}-input-files.xcfilelist",
			);
			name = "[CP] Embed Pods Frameworks";
			outputFileListPaths = (
				"${PODS_ROOT}/Target Support Files/Pods-AppetiserCodingExam/Pods-AppetiserCodingExam-frameworks-${CONFIGURATION}-output-files.xcfilelist",
			);
			runOnlyForDeploymentPostprocessing = 0;
			shellPath = /bin/sh;
			shellScript = "\"${PODS_ROOT}/Target Support Files/Pods-AppetiserCodingExam/Pods-AppetiserCodingExam-frameworks.sh\"\n";
			showEnvVarsInLog = 0;
		};
/* End PBXShellScriptBuildPhase section */

/* Begin PBXSourcesBuildPhase section */
		49F6C0D02462E2DB00A5C81C /* Sources */ = {
			isa = PBXSourcesBuildPhase;
			buildActionMask = 2147483647;
			files = (
				49B924722465820F0074CB7E /* LastVisitLocalLoader.swift in Sources */,
				49B924762465CF660074CB7E /* TrackDetailsViewModel.swift in Sources */,
				49F6C10D2463F7C400A5C81C /* TrackListLoader.swift in Sources */,
				49F6C10F2463F7F500A5C81C /* Track.swift in Sources */,
				49B924792465D12B0074CB7E /* TrackDetailsLocalLoader.swift in Sources */,
				49BBA07224706327005C44A9 /* TrackDetailsRemoteLoader.swift in Sources */,
				49B92474246591360074CB7E /* LastVisitLocalSaver.swift in Sources */,
				49F6C0FE2462E71700A5C81C /* APIManager.swift in Sources */,
				49F6C1152463FEFC00A5C81C /* TrackListLocalSaver.swift in Sources */,
				49F6C0D82462E2DB00A5C81C /* AppDelegate.swift in Sources */,
				49F6C10524631E4400A5C81C /* APIResponseData.swift in Sources */,
				49F6C12C2464160600A5C81C /* Global.swift in Sources */,
				49F6C1212464078500A5C81C /* TrackListViewModel.swift in Sources */,
				49B92464246564350074CB7E /* TrackArtworkAlamofireService.swift in Sources */,
				49BBA06F247062A6005C44A9 /* TrackDetailsLoader.swift in Sources */,
				49F6C10724631E9F00A5C81C /* JSONDecodable.swift in Sources */,
				49F6C100246303CB00A5C81C /* Request.swift in Sources */,
				49F6C0DA2462E2DB00A5C81C /* SceneDelegate.swift in Sources */,
				49F6C1292464121400A5C81C /* TrackDetailsViewController.swift in Sources */,
				49F6C1132463F92A00A5C81C /* TrackListLocalLoader.swift in Sources */,
				49F6C11B2464011000A5C81C /* TrackListRemoteLoader.swift in Sources */,
				49F6C109246326A400A5C81C /* CoreDataManager.swift in Sources */,
				49F6C1172463FFA600A5C81C /* TrackListLocalDeleter.swift in Sources */,
				49F6C1192463FFF900A5C81C /* TrackListAlamofireService.swift in Sources */,
				49F6C10324631E0000A5C81C /* Error+Extension.swift in Sources */,
				49B92470246581AC0074CB7E /* LastVisit.swift in Sources */,
				49F6C0FB2462E51A00A5C81C /* AppetiserCodingExam.xcdatamodeld in Sources */,
				49F6C11D246401EF00A5C81C /* TrackListParser.swift in Sources */,
				49F6C11F2464077600A5C81C /* TrackListTableViewController.swift in Sources */,
				49F6C125246407B300A5C81C /* TrackListTableViewCell.swift in Sources */,
			);
			runOnlyForDeploymentPostprocessing = 0;
		};
/* End PBXSourcesBuildPhase section */

/* Begin PBXVariantGroup section */
		49F6C0F02462E51900A5C81C /* LaunchScreen.storyboard */ = {
			isa = PBXVariantGroup;
			children = (
				49F6C0F12462E51900A5C81C /* Base */,
			);
			name = LaunchScreen.storyboard;
			sourceTree = "<group>";
		};
		49F6C0F22462E51900A5C81C /* Main.storyboard */ = {
			isa = PBXVariantGroup;
			children = (
				49F6C0F32462E51A00A5C81C /* Base */,
			);
			name = Main.storyboard;
			sourceTree = "<group>";
		};
/* End PBXVariantGroup section */

/* Begin XCBuildConfiguration section */
		49F6C0E92462E2E100A5C81C /* Debug */ = {
			isa = XCBuildConfiguration;
			buildSettings = {
				ALWAYS_SEARCH_USER_PATHS = NO;
				CLANG_ANALYZER_NONNULL = YES;
				CLANG_ANALYZER_NUMBER_OBJECT_CONVERSION = YES_AGGRESSIVE;
				CLANG_CXX_LANGUAGE_STANDARD = "gnu++14";
				CLANG_CXX_LIBRARY = "libc++";
				CLANG_ENABLE_MODULES = YES;
				CLANG_ENABLE_OBJC_ARC = YES;
				CLANG_ENABLE_OBJC_WEAK = YES;
				CLANG_WARN_BLOCK_CAPTURE_AUTORELEASING = YES;
				CLANG_WARN_BOOL_CONVERSION = YES;
				CLANG_WARN_COMMA = YES;
				CLANG_WARN_CONSTANT_CONVERSION = YES;
				CLANG_WARN_DEPRECATED_OBJC_IMPLEMENTATIONS = YES;
				CLANG_WARN_DIRECT_OBJC_ISA_USAGE = YES_ERROR;
				CLANG_WARN_DOCUMENTATION_COMMENTS = YES;
				CLANG_WARN_EMPTY_BODY = YES;
				CLANG_WARN_ENUM_CONVERSION = YES;
				CLANG_WARN_INFINITE_RECURSION = YES;
				CLANG_WARN_INT_CONVERSION = YES;
				CLANG_WARN_NON_LITERAL_NULL_CONVERSION = YES;
				CLANG_WARN_OBJC_IMPLICIT_RETAIN_SELF = YES;
				CLANG_WARN_OBJC_LITERAL_CONVERSION = YES;
				CLANG_WARN_OBJC_ROOT_CLASS = YES_ERROR;
				CLANG_WARN_RANGE_LOOP_ANALYSIS = YES;
				CLANG_WARN_STRICT_PROTOTYPES = YES;
				CLANG_WARN_SUSPICIOUS_MOVE = YES;
				CLANG_WARN_UNGUARDED_AVAILABILITY = YES_AGGRESSIVE;
				CLANG_WARN_UNREACHABLE_CODE = YES;
				CLANG_WARN__DUPLICATE_METHOD_MATCH = YES;
				COPY_PHASE_STRIP = NO;
				DEBUG_INFORMATION_FORMAT = dwarf;
				ENABLE_STRICT_OBJC_MSGSEND = YES;
				ENABLE_TESTABILITY = YES;
				GCC_C_LANGUAGE_STANDARD = gnu11;
				GCC_DYNAMIC_NO_PIC = NO;
				GCC_NO_COMMON_BLOCKS = YES;
				GCC_OPTIMIZATION_LEVEL = 0;
				GCC_PREPROCESSOR_DEFINITIONS = (
					"DEBUG=1",
					"$(inherited)",
				);
				GCC_WARN_64_TO_32_BIT_CONVERSION = YES;
				GCC_WARN_ABOUT_RETURN_TYPE = YES_ERROR;
				GCC_WARN_UNDECLARED_SELECTOR = YES;
				GCC_WARN_UNINITIALIZED_AUTOS = YES_AGGRESSIVE;
				GCC_WARN_UNUSED_FUNCTION = YES;
				GCC_WARN_UNUSED_VARIABLE = YES;
				IPHONEOS_DEPLOYMENT_TARGET = 13.4;
				MTL_ENABLE_DEBUG_INFO = INCLUDE_SOURCE;
				MTL_FAST_MATH = YES;
				ONLY_ACTIVE_ARCH = YES;
				SDKROOT = iphoneos;
				SWIFT_ACTIVE_COMPILATION_CONDITIONS = DEBUG;
				SWIFT_OPTIMIZATION_LEVEL = "-Onone";
			};
			name = Debug;
		};
		49F6C0EA2462E2E100A5C81C /* Release */ = {
			isa = XCBuildConfiguration;
			buildSettings = {
				ALWAYS_SEARCH_USER_PATHS = NO;
				CLANG_ANALYZER_NONNULL = YES;
				CLANG_ANALYZER_NUMBER_OBJECT_CONVERSION = YES_AGGRESSIVE;
				CLANG_CXX_LANGUAGE_STANDARD = "gnu++14";
				CLANG_CXX_LIBRARY = "libc++";
				CLANG_ENABLE_MODULES = YES;
				CLANG_ENABLE_OBJC_ARC = YES;
				CLANG_ENABLE_OBJC_WEAK = YES;
				CLANG_WARN_BLOCK_CAPTURE_AUTORELEASING = YES;
				CLANG_WARN_BOOL_CONVERSION = YES;
				CLANG_WARN_COMMA = YES;
				CLANG_WARN_CONSTANT_CONVERSION = YES;
				CLANG_WARN_DEPRECATED_OBJC_IMPLEMENTATIONS = YES;
				CLANG_WARN_DIRECT_OBJC_ISA_USAGE = YES_ERROR;
				CLANG_WARN_DOCUMENTATION_COMMENTS = YES;
				CLANG_WARN_EMPTY_BODY = YES;
				CLANG_WARN_ENUM_CONVERSION = YES;
				CLANG_WARN_INFINITE_RECURSION = YES;
				CLANG_WARN_INT_CONVERSION = YES;
				CLANG_WARN_NON_LITERAL_NULL_CONVERSION = YES;
				CLANG_WARN_OBJC_IMPLICIT_RETAIN_SELF = YES;
				CLANG_WARN_OBJC_LITERAL_CONVERSION = YES;
				CLANG_WARN_OBJC_ROOT_CLASS = YES_ERROR;
				CLANG_WARN_RANGE_LOOP_ANALYSIS = YES;
				CLANG_WARN_STRICT_PROTOTYPES = YES;
				CLANG_WARN_SUSPICIOUS_MOVE = YES;
				CLANG_WARN_UNGUARDED_AVAILABILITY = YES_AGGRESSIVE;
				CLANG_WARN_UNREACHABLE_CODE = YES;
				CLANG_WARN__DUPLICATE_METHOD_MATCH = YES;
				COPY_PHASE_STRIP = NO;
				DEBUG_INFORMATION_FORMAT = "dwarf-with-dsym";
				ENABLE_NS_ASSERTIONS = NO;
				ENABLE_STRICT_OBJC_MSGSEND = YES;
				GCC_C_LANGUAGE_STANDARD = gnu11;
				GCC_NO_COMMON_BLOCKS = YES;
				GCC_WARN_64_TO_32_BIT_CONVERSION = YES;
				GCC_WARN_ABOUT_RETURN_TYPE = YES_ERROR;
				GCC_WARN_UNDECLARED_SELECTOR = YES;
				GCC_WARN_UNINITIALIZED_AUTOS = YES_AGGRESSIVE;
				GCC_WARN_UNUSED_FUNCTION = YES;
				GCC_WARN_UNUSED_VARIABLE = YES;
				IPHONEOS_DEPLOYMENT_TARGET = 13.4;
				MTL_ENABLE_DEBUG_INFO = NO;
				MTL_FAST_MATH = YES;
				SDKROOT = iphoneos;
				SWIFT_COMPILATION_MODE = wholemodule;
				SWIFT_OPTIMIZATION_LEVEL = "-O";
				VALIDATE_PRODUCT = YES;
			};
			name = Release;
		};
		49F6C0EC2462E2E100A5C81C /* Debug */ = {
			isa = XCBuildConfiguration;
			baseConfigurationReference = B9954D92FD9CC6C60DFD920C /* Pods-AppetiserCodingExam.debug.xcconfig */;
			buildSettings = {
				ASSETCATALOG_COMPILER_APPICON_NAME = AppIcon;
				CODE_SIGN_STYLE = Automatic;
				INFOPLIST_FILE = AppetiserCodingExam/Info.plist;
				LD_RUNPATH_SEARCH_PATHS = (
					"$(inherited)",
					"@executable_path/Frameworks",
				);
				PRODUCT_BUNDLE_IDENTIFIER = com.appetiser.AppetiserCodingExam;
				PRODUCT_NAME = "$(TARGET_NAME)";
				SWIFT_VERSION = 5.0;
				TARGETED_DEVICE_FAMILY = "1,2";
			};
			name = Debug;
		};
		49F6C0ED2462E2E100A5C81C /* Release */ = {
			isa = XCBuildConfiguration;
			baseConfigurationReference = 9C9261EE382AE78C4F0BE4C3 /* Pods-AppetiserCodingExam.release.xcconfig */;
			buildSettings = {
				ASSETCATALOG_COMPILER_APPICON_NAME = AppIcon;
				CODE_SIGN_STYLE = Automatic;
				INFOPLIST_FILE = AppetiserCodingExam/Info.plist;
				LD_RUNPATH_SEARCH_PATHS = (
					"$(inherited)",
					"@executable_path/Frameworks",
				);
				PRODUCT_BUNDLE_IDENTIFIER = com.appetiser.AppetiserCodingExam;
				PRODUCT_NAME = "$(TARGET_NAME)";
				SWIFT_VERSION = 5.0;
				TARGETED_DEVICE_FAMILY = "1,2";
			};
			name = Release;
		};
/* End XCBuildConfiguration section */

/* Begin XCConfigurationList section */
		49F6C0CF2462E2DB00A5C81C /* Build configuration list for PBXProject "AppetiserCodingExam" */ = {
			isa = XCConfigurationList;
			buildConfigurations = (
				49F6C0E92462E2E100A5C81C /* Debug */,
				49F6C0EA2462E2E100A5C81C /* Release */,
			);
			defaultConfigurationIsVisible = 0;
			defaultConfigurationName = Release;
		};
		49F6C0EB2462E2E100A5C81C /* Build configuration list for PBXNativeTarget "AppetiserCodingExam" */ = {
			isa = XCConfigurationList;
			buildConfigurations = (
				49F6C0EC2462E2E100A5C81C /* Debug */,
				49F6C0ED2462E2E100A5C81C /* Release */,
			);
			defaultConfigurationIsVisible = 0;
			defaultConfigurationName = Release;
		};
/* End XCConfigurationList section */

/* Begin XCVersionGroup section */
		49F6C0F42462E51A00A5C81C /* AppetiserCodingExam.xcdatamodeld */ = {
			isa = XCVersionGroup;
			children = (
				49F6C0F52462E51A00A5C81C /* AppetiserCodingExam.xcdatamodel */,
			);
			currentVersion = 49F6C0F52462E51A00A5C81C /* AppetiserCodingExam.xcdatamodel */;
			path = AppetiserCodingExam.xcdatamodeld;
			sourceTree = "<group>";
			versionGroupType = wrapper.xcdatamodel;
		};
/* End XCVersionGroup section */
	};
	rootObject = 49F6C0CC2462E2DB00A5C81C /* Project object */;
}
